// !$*UTF8*$!
{
	archiveVersion = 1;
	classes = {
	};
	objectVersion = 50;
	objects = {

/* Begin PBXBuildFile section */
		2B1EF1BA21C239E0007A7D51 /* EventTableViewController.swift in Sources */ = {isa = PBXBuildFile; fileRef = 2B1EF1B921C239E0007A7D51 /* EventTableViewController.swift */; };
		2B1EF1BC21C23A84007A7D51 /* EventTableViewCell.swift in Sources */ = {isa = PBXBuildFile; fileRef = 2B1EF1BB21C23A84007A7D51 /* EventTableViewCell.swift */; };
		2B1EF1C021C23F7A007A7D51 /* Event.storyboard in Resources */ = {isa = PBXBuildFile; fileRef = 2B1EF1BF21C23F7A007A7D51 /* Event.storyboard */; };
		2B1EF1C221C2424E007A7D51 /* Helper.swift in Sources */ = {isa = PBXBuildFile; fileRef = 2B1EF1C121C2424E007A7D51 /* Helper.swift */; };
		2B1EF1C421C247A8007A7D51 /* EventUIImage+Resize.swift in Sources */ = {isa = PBXBuildFile; fileRef = 2B1EF1C321C247A8007A7D51 /* EventUIImage+Resize.swift */; };
		2B1EF1C621C24841007A7D51 /* AlertController+Image.swift in Sources */ = {isa = PBXBuildFile; fileRef = 2B1EF1C521C24841007A7D51 /* AlertController+Image.swift */; };
		2B21F4B121B92B3F00534049 /* CustomerRatings.storyboard in Resources */ = {isa = PBXBuildFile; fileRef = 2B21F4AD21B92B3F00534049 /* CustomerRatings.storyboard */; };
		2B21F4B221B92B3F00534049 /* Booking.storyboard in Resources */ = {isa = PBXBuildFile; fileRef = 2B21F4AE21B92B3F00534049 /* Booking.storyboard */; };
		2B21F4B321B92B3F00534049 /* PersonalRatings.storyboard in Resources */ = {isa = PBXBuildFile; fileRef = 2B21F4AF21B92B3F00534049 /* PersonalRatings.storyboard */; };
		2B21F4B421B92B3F00534049 /* ProfileDetailInfoPage.storyboard in Resources */ = {isa = PBXBuildFile; fileRef = 2B21F4B021B92B3F00534049 /* ProfileDetailInfoPage.storyboard */; };
		2B21F4C821B92FB100534049 /* BookingCheckTableViewController.swift in Sources */ = {isa = PBXBuildFile; fileRef = 2B21F4C321B92FB100534049 /* BookingCheckTableViewController.swift */; };
		2B21F4C921B92FB100534049 /* BookingChooseCollectionViewCell.swift in Sources */ = {isa = PBXBuildFile; fileRef = 2B21F4C421B92FB100534049 /* BookingChooseCollectionViewCell.swift */; };
		2B21F4CA21B92FB100534049 /* BookingChooseRoomCollectionViewController.swift in Sources */ = {isa = PBXBuildFile; fileRef = 2B21F4C521B92FB100534049 /* BookingChooseRoomCollectionViewController.swift */; };
		2B21F4CB21B92FB100534049 /* BookingTableViewController.swift in Sources */ = {isa = PBXBuildFile; fileRef = 2B21F4C621B92FB100534049 /* BookingTableViewController.swift */; };
		2B21F4CC21B92FB100534049 /* BookingCheckTableViewCell.swift in Sources */ = {isa = PBXBuildFile; fileRef = 2B21F4C721B92FB100534049 /* BookingCheckTableViewCell.swift */; };
		2B21F4D021B92FE700534049 /* RoomType.swift in Sources */ = {isa = PBXBuildFile; fileRef = 2B21F4CE21B92FE700534049 /* RoomType.swift */; };
		2B21F4D121B92FE700534049 /* RoomTypeCommunication.swift in Sources */ = {isa = PBXBuildFile; fileRef = 2B21F4CF21B92FE700534049 /* RoomTypeCommunication.swift */; };
		2B4EECC221B929160059EE3F /* Communicator.swift in Sources */ = {isa = PBXBuildFile; fileRef = 2B4EECBF21B929160059EE3F /* Communicator.swift */; };
		2B4EECC321B929160059EE3F /* Event.swift in Sources */ = {isa = PBXBuildFile; fileRef = 2B4EECC021B929160059EE3F /* Event.swift */; };
		2B4EECC421B929160059EE3F /* Room.swift in Sources */ = {isa = PBXBuildFile; fileRef = 2B4EECC121B929160059EE3F /* Room.swift */; };
		2B4EECC621B9292F0059EE3F /* RoomType.storyboard in Resources */ = {isa = PBXBuildFile; fileRef = 2B4EECC521B9292F0059EE3F /* RoomType.storyboard */; };
		720A2E4921B6A77D00EF44ED /* AllRatingDetailViewController.swift in Sources */ = {isa = PBXBuildFile; fileRef = 720A2E4821B6A77D00EF44ED /* AllRatingDetailViewController.swift */; };
		720A2E5121B6A79200EF44ED /* ProfileViewController.swift in Sources */ = {isa = PBXBuildFile; fileRef = 720A2E4A21B6A79200EF44ED /* ProfileViewController.swift */; };
		720A2E5221B6A79200EF44ED /* JoinTableViewController.swift in Sources */ = {isa = PBXBuildFile; fileRef = 720A2E4B21B6A79200EF44ED /* JoinTableViewController.swift */; };
		720A2E5321B6A79200EF44ED /* WritingRatingViewController.swift in Sources */ = {isa = PBXBuildFile; fileRef = 720A2E4C21B6A79200EF44ED /* WritingRatingViewController.swift */; };
		720A2E5521B6A79200EF44ED /* EditingTableViewController.swift in Sources */ = {isa = PBXBuildFile; fileRef = 720A2E4E21B6A79200EF44ED /* EditingTableViewController.swift */; };
		720A2E5921B6A81200EF44ED /* AllCustomerRatings.storyboard in Resources */ = {isa = PBXBuildFile; fileRef = 720A2E5821B6A81200EF44ED /* AllCustomerRatings.storyboard */; };
		7230157921B0F8F400FD89D7 /* AllRatingsTableViewController.swift in Sources */ = {isa = PBXBuildFile; fileRef = 7230157621B0F8F400FD89D7 /* AllRatingsTableViewController.swift */; };
		7230157A21B0F8F400FD89D7 /* AllRatingsTableViewCell.swift in Sources */ = {isa = PBXBuildFile; fileRef = 7230157721B0F8F400FD89D7 /* AllRatingsTableViewCell.swift */; };
		7230157B21B0F8F400FD89D7 /* HomePageViewController.swift in Sources */ = {isa = PBXBuildFile; fileRef = 7230157821B0F8F400FD89D7 /* HomePageViewController.swift */; };
		7230158B21B0FE7D00FD89D7 /* OrderRoomDetailForSocket.swift in Sources */ = {isa = PBXBuildFile; fileRef = 7230158A21B0FE7D00FD89D7 /* OrderRoomDetailForSocket.swift */; };
		7230158D21B1005000FD89D7 /* Main.storyboard in Resources */ = {isa = PBXBuildFile; fileRef = 7230158C21B1005000FD89D7 /* Main.storyboard */; };
		72615960219DA6E100EB43FB /* ServiceStatusTableViewController.swift in Sources */ = {isa = PBXBuildFile; fileRef = 7261595F219DA6E100EB43FB /* ServiceStatusTableViewController.swift */; };
		72615962219DA77100EB43FB /* ServiceStatusTableViewCell.swift in Sources */ = {isa = PBXBuildFile; fileRef = 72615961219DA77100EB43FB /* ServiceStatusTableViewCell.swift */; };
		72615964219DB3C000EB43FB /* Instant.swift in Sources */ = {isa = PBXBuildFile; fileRef = 72615963219DB3C000EB43FB /* Instant.swift */; };
		726B7CD421BE6E4D002A7B10 /* SocketManager.swift in Sources */ = {isa = PBXBuildFile; fileRef = 726B7CD321BE6E4D002A7B10 /* SocketManager.swift */; };
		729527B221A3EE8200E9E839 /* OrderRoomDetail.swift in Sources */ = {isa = PBXBuildFile; fileRef = 729527B121A3EE8200E9E839 /* OrderRoomDetail.swift */; };
		72C35FB521AE753C006BD1A7 /* Socket.swift in Sources */ = {isa = PBXBuildFile; fileRef = 72C35FB421AE753C006BD1A7 /* Socket.swift */; };
		72D917C2219D142A0008D90C /* Josh.storyboard in Resources */ = {isa = PBXBuildFile; fileRef = 72D917C1219D142A0008D90C /* Josh.storyboard */; };
		72D917C5219D185E0008D90C /* ServiceItemCollectionViewController.swift in Sources */ = {isa = PBXBuildFile; fileRef = 72D917C4219D185E0008D90C /* ServiceItemCollectionViewController.swift */; };
		72D917C7219D188A0008D90C /* ServiceItemCollectionViewCell.swift in Sources */ = {isa = PBXBuildFile; fileRef = 72D917C6219D188A0008D90C /* ServiceItemCollectionViewCell.swift */; };
		72D917C9219D1AA90008D90C /* ItemDetailTableViewController.swift in Sources */ = {isa = PBXBuildFile; fileRef = 72D917C8219D1AA90008D90C /* ItemDetailTableViewController.swift */; };
		72D917CB219D26110008D90C /* ItemDetailTableViewCell.swift in Sources */ = {isa = PBXBuildFile; fileRef = 72D917CA219D26110008D90C /* ItemDetailTableViewCell.swift */; };
		72D9820A21C77C65000E215B /* RoomOrderTableViewController.swift in Sources */ = {isa = PBXBuildFile; fileRef = D1918E2421941466002E065A /* RoomOrderTableViewController.swift */; };
		72D9820B21C77C65000E215B /* Customer.swift in Sources */ = {isa = PBXBuildFile; fileRef = 78AB94A0216E2A7900045C95 /* Customer.swift */; };
		781DEB522198095A00AED03E /* Download.swift in Sources */ = {isa = PBXBuildFile; fileRef = 781DEB512198095A00AED03E /* Download.swift */; };
		78390532219BFC740059BC5B /* PrintHelper.swift in Sources */ = {isa = PBXBuildFile; fileRef = 78390531219BFC740059BC5B /* PrintHelper.swift */; };
		7857F5722192B2EE00641030 /* Common.swift in Sources */ = {isa = PBXBuildFile; fileRef = 7857F5712192B2EE00641030 /* Common.swift */; };
		788AE3A92193DD7C008B3C0F /* Alert.swift in Sources */ = {isa = PBXBuildFile; fileRef = 788AE3A82193DD7C008B3C0F /* Alert.swift */; };
		78955BAD219EAF6A0092FD42 /* UIImage+Resize.swift in Sources */ = {isa = PBXBuildFile; fileRef = 78955BAC219EAF6A0092FD42 /* UIImage+Resize.swift */; };
		789B07D221A4438300B764C2 /* CornerRadius.swift in Sources */ = {isa = PBXBuildFile; fileRef = 789B07D121A4438300B764C2 /* CornerRadius.swift */; };
		78AB949D216E286C00045C95 /* Rating.swift in Sources */ = {isa = PBXBuildFile; fileRef = 78AB949C216E286C00045C95 /* Rating.swift */; };
		78F088B121C2497C000CBE93 /* CheckInInfo.swift in Sources */ = {isa = PBXBuildFile; fileRef = 78F088B021C2497C000CBE93 /* CheckInInfo.swift */; };
		D110437521B93CB700C8ACC3 /* RoomTableViewController.swift in Sources */ = {isa = PBXBuildFile; fileRef = D110437121B93CB700C8ACC3 /* RoomTableViewController.swift */; };
		D110437621B93CB700C8ACC3 /* RoomDetailTableViewCell.swift in Sources */ = {isa = PBXBuildFile; fileRef = D110437221B93CB700C8ACC3 /* RoomDetailTableViewCell.swift */; };
		D110437721B93CB700C8ACC3 /* RoomTableViewCell.swift in Sources */ = {isa = PBXBuildFile; fileRef = D110437321B93CB700C8ACC3 /* RoomTableViewCell.swift */; };
		D110437821B93CB700C8ACC3 /* RoomDetailViewController.swift in Sources */ = {isa = PBXBuildFile; fileRef = D110437421B93CB700C8ACC3 /* RoomDetailViewController.swift */; };
		D12CAED9219D4CC40035446C /* RoomOrder.storyboard in Resources */ = {isa = PBXBuildFile; fileRef = D12CAED8219D4CC40035446C /* RoomOrder.storyboard */; };
		D13405A42166699300E72B67 /* AppDelegate.swift in Sources */ = {isa = PBXBuildFile; fileRef = D13405A32166699300E72B67 /* AppDelegate.swift */; };
		D13405AB2166699500E72B67 /* Assets.xcassets in Resources */ = {isa = PBXBuildFile; fileRef = D13405AA2166699500E72B67 /* Assets.xcassets */; };
		D13405AE2166699500E72B67 /* LaunchScreen.storyboard in Resources */ = {isa = PBXBuildFile; fileRef = D13405AC2166699500E72B67 /* LaunchScreen.storyboard */; };
		D1918E2921951426002E065A /* RoomOrderDetailViewController.swift in Sources */ = {isa = PBXBuildFile; fileRef = D1918E2821951426002E065A /* RoomOrderDetailViewController.swift */; };
		D76C7F7D6E8B8BF07E7B5BC8 /* Pods_iOS_Customer.framework in Frameworks */ = {isa = PBXBuildFile; fileRef = FB724A95E3AF927AE6FDE13F /* Pods_iOS_Customer.framework */; };
/* End PBXBuildFile section */

/* Begin PBXFileReference section */
		2B1EF1B921C239E0007A7D51 /* EventTableViewController.swift */ = {isa = PBXFileReference; fileEncoding = 4; lastKnownFileType = sourcecode.swift; path = EventTableViewController.swift; sourceTree = "<group>"; };
		2B1EF1BB21C23A84007A7D51 /* EventTableViewCell.swift */ = {isa = PBXFileReference; fileEncoding = 4; lastKnownFileType = sourcecode.swift; path = EventTableViewCell.swift; sourceTree = "<group>"; };
		2B1EF1BF21C23F7A007A7D51 /* Event.storyboard */ = {isa = PBXFileReference; lastKnownFileType = file.storyboard; path = Event.storyboard; sourceTree = "<group>"; };
		2B1EF1C121C2424E007A7D51 /* Helper.swift */ = {isa = PBXFileReference; fileEncoding = 4; lastKnownFileType = sourcecode.swift; path = Helper.swift; sourceTree = "<group>"; };
		2B1EF1C321C247A8007A7D51 /* EventUIImage+Resize.swift */ = {isa = PBXFileReference; fileEncoding = 4; lastKnownFileType = sourcecode.swift; path = "EventUIImage+Resize.swift"; sourceTree = "<group>"; };
		2B1EF1C521C24841007A7D51 /* AlertController+Image.swift */ = {isa = PBXFileReference; lastKnownFileType = sourcecode.swift; path = "AlertController+Image.swift"; sourceTree = "<group>"; };
		2B21F4AD21B92B3F00534049 /* CustomerRatings.storyboard */ = {isa = PBXFileReference; fileEncoding = 4; lastKnownFileType = file.storyboard; path = CustomerRatings.storyboard; sourceTree = "<group>"; };
		2B21F4AE21B92B3F00534049 /* Booking.storyboard */ = {isa = PBXFileReference; fileEncoding = 4; lastKnownFileType = file.storyboard; path = Booking.storyboard; sourceTree = "<group>"; };
		2B21F4AF21B92B3F00534049 /* PersonalRatings.storyboard */ = {isa = PBXFileReference; fileEncoding = 4; lastKnownFileType = file.storyboard; path = PersonalRatings.storyboard; sourceTree = "<group>"; };
		2B21F4B021B92B3F00534049 /* ProfileDetailInfoPage.storyboard */ = {isa = PBXFileReference; fileEncoding = 4; lastKnownFileType = file.storyboard; path = ProfileDetailInfoPage.storyboard; sourceTree = "<group>"; };
		2B21F4C321B92FB100534049 /* BookingCheckTableViewController.swift */ = {isa = PBXFileReference; fileEncoding = 4; lastKnownFileType = sourcecode.swift; path = BookingCheckTableViewController.swift; sourceTree = "<group>"; };
		2B21F4C421B92FB100534049 /* BookingChooseCollectionViewCell.swift */ = {isa = PBXFileReference; fileEncoding = 4; lastKnownFileType = sourcecode.swift; path = BookingChooseCollectionViewCell.swift; sourceTree = "<group>"; };
		2B21F4C521B92FB100534049 /* BookingChooseRoomCollectionViewController.swift */ = {isa = PBXFileReference; fileEncoding = 4; lastKnownFileType = sourcecode.swift; path = BookingChooseRoomCollectionViewController.swift; sourceTree = "<group>"; };
		2B21F4C621B92FB100534049 /* BookingTableViewController.swift */ = {isa = PBXFileReference; fileEncoding = 4; lastKnownFileType = sourcecode.swift; path = BookingTableViewController.swift; sourceTree = "<group>"; };
		2B21F4C721B92FB100534049 /* BookingCheckTableViewCell.swift */ = {isa = PBXFileReference; fileEncoding = 4; lastKnownFileType = sourcecode.swift; path = BookingCheckTableViewCell.swift; sourceTree = "<group>"; };
		2B21F4CE21B92FE700534049 /* RoomType.swift */ = {isa = PBXFileReference; fileEncoding = 4; lastKnownFileType = sourcecode.swift; path = RoomType.swift; sourceTree = "<group>"; };
		2B21F4CF21B92FE700534049 /* RoomTypeCommunication.swift */ = {isa = PBXFileReference; fileEncoding = 4; lastKnownFileType = sourcecode.swift; path = RoomTypeCommunication.swift; sourceTree = "<group>"; };
		2B4EECBF21B929160059EE3F /* Communicator.swift */ = {isa = PBXFileReference; fileEncoding = 4; lastKnownFileType = sourcecode.swift; path = Communicator.swift; sourceTree = "<group>"; };
		2B4EECC021B929160059EE3F /* Event.swift */ = {isa = PBXFileReference; fileEncoding = 4; lastKnownFileType = sourcecode.swift; path = Event.swift; sourceTree = "<group>"; };
		2B4EECC121B929160059EE3F /* Room.swift */ = {isa = PBXFileReference; fileEncoding = 4; lastKnownFileType = sourcecode.swift; path = Room.swift; sourceTree = "<group>"; };
		2B4EECC521B9292F0059EE3F /* RoomType.storyboard */ = {isa = PBXFileReference; fileEncoding = 4; lastKnownFileType = file.storyboard; path = RoomType.storyboard; sourceTree = "<group>"; };
		720A2E4821B6A77D00EF44ED /* AllRatingDetailViewController.swift */ = {isa = PBXFileReference; fileEncoding = 4; lastKnownFileType = sourcecode.swift; path = AllRatingDetailViewController.swift; sourceTree = "<group>"; };
		720A2E4A21B6A79200EF44ED /* ProfileViewController.swift */ = {isa = PBXFileReference; fileEncoding = 4; lastKnownFileType = sourcecode.swift; path = ProfileViewController.swift; sourceTree = "<group>"; };
		720A2E4B21B6A79200EF44ED /* JoinTableViewController.swift */ = {isa = PBXFileReference; fileEncoding = 4; lastKnownFileType = sourcecode.swift; path = JoinTableViewController.swift; sourceTree = "<group>"; };
		720A2E4C21B6A79200EF44ED /* WritingRatingViewController.swift */ = {isa = PBXFileReference; fileEncoding = 4; lastKnownFileType = sourcecode.swift; path = WritingRatingViewController.swift; sourceTree = "<group>"; };
		720A2E4E21B6A79200EF44ED /* EditingTableViewController.swift */ = {isa = PBXFileReference; fileEncoding = 4; lastKnownFileType = sourcecode.swift; path = EditingTableViewController.swift; sourceTree = "<group>"; };
		720A2E5821B6A81200EF44ED /* AllCustomerRatings.storyboard */ = {isa = PBXFileReference; fileEncoding = 4; lastKnownFileType = file.storyboard; path = AllCustomerRatings.storyboard; sourceTree = "<group>"; };
		7230157621B0F8F400FD89D7 /* AllRatingsTableViewController.swift */ = {isa = PBXFileReference; fileEncoding = 4; lastKnownFileType = sourcecode.swift; path = AllRatingsTableViewController.swift; sourceTree = "<group>"; };
		7230157721B0F8F400FD89D7 /* AllRatingsTableViewCell.swift */ = {isa = PBXFileReference; fileEncoding = 4; lastKnownFileType = sourcecode.swift; path = AllRatingsTableViewCell.swift; sourceTree = "<group>"; };
		7230157821B0F8F400FD89D7 /* HomePageViewController.swift */ = {isa = PBXFileReference; fileEncoding = 4; lastKnownFileType = sourcecode.swift; path = HomePageViewController.swift; sourceTree = "<group>"; };
		7230158A21B0FE7D00FD89D7 /* OrderRoomDetailForSocket.swift */ = {isa = PBXFileReference; lastKnownFileType = sourcecode.swift; path = OrderRoomDetailForSocket.swift; sourceTree = "<group>"; };
		7230158C21B1005000FD89D7 /* Main.storyboard */ = {isa = PBXFileReference; fileEncoding = 4; lastKnownFileType = file.storyboard; path = Main.storyboard; sourceTree = "<group>"; };
		7261595F219DA6E100EB43FB /* ServiceStatusTableViewController.swift */ = {isa = PBXFileReference; lastKnownFileType = sourcecode.swift; path = ServiceStatusTableViewController.swift; sourceTree = "<group>"; };
		72615961219DA77100EB43FB /* ServiceStatusTableViewCell.swift */ = {isa = PBXFileReference; lastKnownFileType = sourcecode.swift; path = ServiceStatusTableViewCell.swift; sourceTree = "<group>"; };
		72615963219DB3C000EB43FB /* Instant.swift */ = {isa = PBXFileReference; lastKnownFileType = sourcecode.swift; path = Instant.swift; sourceTree = "<group>"; };
		726302A521AFEDE3006A8A1D /* iOS-Customer.entitlements */ = {isa = PBXFileReference; lastKnownFileType = text.plist.entitlements; path = "iOS-Customer.entitlements"; sourceTree = "<group>"; };
		726B7CD321BE6E4D002A7B10 /* SocketManager.swift */ = {isa = PBXFileReference; lastKnownFileType = sourcecode.swift; path = SocketManager.swift; sourceTree = "<group>"; };
		729527B121A3EE8200E9E839 /* OrderRoomDetail.swift */ = {isa = PBXFileReference; lastKnownFileType = sourcecode.swift; path = OrderRoomDetail.swift; sourceTree = "<group>"; };
		72C35FB421AE753C006BD1A7 /* Socket.swift */ = {isa = PBXFileReference; lastKnownFileType = sourcecode.swift; path = Socket.swift; sourceTree = "<group>"; };
		72D917C1219D142A0008D90C /* Josh.storyboard */ = {isa = PBXFileReference; fileEncoding = 4; lastKnownFileType = file.storyboard; path = Josh.storyboard; sourceTree = "<group>"; };
		72D917C4219D185E0008D90C /* ServiceItemCollectionViewController.swift */ = {isa = PBXFileReference; lastKnownFileType = sourcecode.swift; path = ServiceItemCollectionViewController.swift; sourceTree = "<group>"; };
		72D917C6219D188A0008D90C /* ServiceItemCollectionViewCell.swift */ = {isa = PBXFileReference; lastKnownFileType = sourcecode.swift; path = ServiceItemCollectionViewCell.swift; sourceTree = "<group>"; };
		72D917C8219D1AA90008D90C /* ItemDetailTableViewController.swift */ = {isa = PBXFileReference; lastKnownFileType = sourcecode.swift; path = ItemDetailTableViewController.swift; sourceTree = "<group>"; };
		72D917CA219D26110008D90C /* ItemDetailTableViewCell.swift */ = {isa = PBXFileReference; lastKnownFileType = sourcecode.swift; path = ItemDetailTableViewCell.swift; sourceTree = "<group>"; };
		781DEB512198095A00AED03E /* Download.swift */ = {isa = PBXFileReference; lastKnownFileType = sourcecode.swift; path = Download.swift; sourceTree = "<group>"; };
		7828D15521C37FDD00B3E430 /* CheckInInfo.swift */ = {isa = PBXFileReference; lastKnownFileType = sourcecode.swift; path = CheckInInfo.swift; sourceTree = "<group>"; };
		78390531219BFC740059BC5B /* PrintHelper.swift */ = {isa = PBXFileReference; lastKnownFileType = sourcecode.swift; path = PrintHelper.swift; sourceTree = "<group>"; };
		7857F5712192B2EE00641030 /* Common.swift */ = {isa = PBXFileReference; fileEncoding = 4; lastKnownFileType = sourcecode.swift; path = Common.swift; sourceTree = "<group>"; };
		788AE3A82193DD7C008B3C0F /* Alert.swift */ = {isa = PBXFileReference; lastKnownFileType = sourcecode.swift; path = Alert.swift; sourceTree = "<group>"; };
		78955BAC219EAF6A0092FD42 /* UIImage+Resize.swift */ = {isa = PBXFileReference; fileEncoding = 4; lastKnownFileType = sourcecode.swift; path = "UIImage+Resize.swift"; sourceTree = "<group>"; };
		789B07D121A4438300B764C2 /* CornerRadius.swift */ = {isa = PBXFileReference; lastKnownFileType = sourcecode.swift; path = CornerRadius.swift; sourceTree = "<group>"; };
		78AB949C216E286C00045C95 /* Rating.swift */ = {isa = PBXFileReference; lastKnownFileType = sourcecode.swift; path = Rating.swift; sourceTree = "<group>"; };
		78AB94A0216E2A7900045C95 /* Customer.swift */ = {isa = PBXFileReference; lastKnownFileType = sourcecode.swift; path = Customer.swift; sourceTree = "<group>"; };
		78F088B021C2497C000CBE93 /* CheckInInfo.swift */ = {isa = PBXFileReference; lastKnownFileType = sourcecode.swift; path = CheckInInfo.swift; sourceTree = "<group>"; };
		9F2DEE62D08AECFEBE061A2D /* Pods-iOS-Customer.debug.xcconfig */ = {isa = PBXFileReference; includeInIndex = 1; lastKnownFileType = text.xcconfig; name = "Pods-iOS-Customer.debug.xcconfig"; path = "Pods/Target Support Files/Pods-iOS-Customer/Pods-iOS-Customer.debug.xcconfig"; sourceTree = "<group>"; };
		CE792F163EAE41DB92E4F2F7 /* Pods-iOS-Customer.release.xcconfig */ = {isa = PBXFileReference; includeInIndex = 1; lastKnownFileType = text.xcconfig; name = "Pods-iOS-Customer.release.xcconfig"; path = "Pods/Target Support Files/Pods-iOS-Customer/Pods-iOS-Customer.release.xcconfig"; sourceTree = "<group>"; };
		D110437121B93CB700C8ACC3 /* RoomTableViewController.swift */ = {isa = PBXFileReference; fileEncoding = 4; lastKnownFileType = sourcecode.swift; path = RoomTableViewController.swift; sourceTree = "<group>"; };
		D110437221B93CB700C8ACC3 /* RoomDetailTableViewCell.swift */ = {isa = PBXFileReference; fileEncoding = 4; lastKnownFileType = sourcecode.swift; path = RoomDetailTableViewCell.swift; sourceTree = "<group>"; };
		D110437321B93CB700C8ACC3 /* RoomTableViewCell.swift */ = {isa = PBXFileReference; fileEncoding = 4; lastKnownFileType = sourcecode.swift; path = RoomTableViewCell.swift; sourceTree = "<group>"; };
		D110437421B93CB700C8ACC3 /* RoomDetailViewController.swift */ = {isa = PBXFileReference; fileEncoding = 4; lastKnownFileType = sourcecode.swift; path = RoomDetailViewController.swift; sourceTree = "<group>"; };
		D12CAED8219D4CC40035446C /* RoomOrder.storyboard */ = {isa = PBXFileReference; fileEncoding = 4; lastKnownFileType = file.storyboard; path = RoomOrder.storyboard; sourceTree = "<group>"; };
		D13405A02166699300E72B67 /* iOS-Customer.app */ = {isa = PBXFileReference; explicitFileType = wrapper.application; includeInIndex = 0; path = "iOS-Customer.app"; sourceTree = BUILT_PRODUCTS_DIR; };
		D13405A32166699300E72B67 /* AppDelegate.swift */ = {isa = PBXFileReference; lastKnownFileType = sourcecode.swift; path = AppDelegate.swift; sourceTree = "<group>"; };
		D13405AA2166699500E72B67 /* Assets.xcassets */ = {isa = PBXFileReference; lastKnownFileType = folder.assetcatalog; path = Assets.xcassets; sourceTree = "<group>"; };
		D13405AD2166699500E72B67 /* Base */ = {isa = PBXFileReference; lastKnownFileType = file.storyboard; name = Base; path = Base.lproj/LaunchScreen.storyboard; sourceTree = "<group>"; };
		D13405AF2166699500E72B67 /* Info.plist */ = {isa = PBXFileReference; lastKnownFileType = text.plist.xml; path = Info.plist; sourceTree = "<group>"; };
		D1918E2421941466002E065A /* RoomOrderTableViewController.swift */ = {isa = PBXFileReference; lastKnownFileType = sourcecode.swift; path = RoomOrderTableViewController.swift; sourceTree = "<group>"; };
		D1918E2821951426002E065A /* RoomOrderDetailViewController.swift */ = {isa = PBXFileReference; lastKnownFileType = sourcecode.swift; path = RoomOrderDetailViewController.swift; sourceTree = "<group>"; };
		FB724A95E3AF927AE6FDE13F /* Pods_iOS_Customer.framework */ = {isa = PBXFileReference; explicitFileType = wrapper.framework; includeInIndex = 0; path = Pods_iOS_Customer.framework; sourceTree = BUILT_PRODUCTS_DIR; };
/* End PBXFileReference section */

/* Begin PBXFrameworksBuildPhase section */
		D134059D2166699300E72B67 /* Frameworks */ = {
			isa = PBXFrameworksBuildPhase;
			buildActionMask = 2147483647;
			files = (
				D76C7F7D6E8B8BF07E7B5BC8 /* Pods_iOS_Customer.framework in Frameworks */,
			);
			runOnlyForDeploymentPostprocessing = 0;
		};
/* End PBXFrameworksBuildPhase section */

/* Begin PBXGroup section */
		2B1EF1B821C239A6007A7D51 /* EventPage */ = {
			isa = PBXGroup;
			children = (
				2B1EF1C321C247A8007A7D51 /* EventUIImage+Resize.swift */,
				2B1EF1B921C239E0007A7D51 /* EventTableViewController.swift */,
				2B1EF1BB21C23A84007A7D51 /* EventTableViewCell.swift */,
				2B1EF1C521C24841007A7D51 /* AlertController+Image.swift */,
			);
			path = EventPage;
			sourceTree = "<group>";
		};
		2B21F4C221B92FB100534049 /* BookingPage */ = {
			isa = PBXGroup;
			children = (
				2B21F4C321B92FB100534049 /* BookingCheckTableViewController.swift */,
				2B21F4C721B92FB100534049 /* BookingCheckTableViewCell.swift */,
				2B21F4C421B92FB100534049 /* BookingChooseCollectionViewCell.swift */,
				2B21F4C521B92FB100534049 /* BookingChooseRoomCollectionViewController.swift */,
				2B21F4C621B92FB100534049 /* BookingTableViewController.swift */,
			);
			path = BookingPage;
			sourceTree = "<group>";
		};
		2B21F4CD21B92FE700534049 /* RoomTypeModel */ = {
			isa = PBXGroup;
			children = (
				2B21F4CE21B92FE700534049 /* RoomType.swift */,
				2B21F4CF21B92FE700534049 /* RoomTypeCommunication.swift */,
			);
			path = RoomTypeModel;
			sourceTree = "<group>";
		};
		2B5C5DFC965823ECF3BBB8F7 /* Frameworks */ = {
			isa = PBXGroup;
			children = (
				FB724A95E3AF927AE6FDE13F /* Pods_iOS_Customer.framework */,
			);
			name = Frameworks;
			sourceTree = "<group>";
		};
		7230156921B0F7F900FD89D7 /* Recovered References */ = {
			isa = PBXGroup;
			children = (
			);
			name = "Recovered References";
			sourceTree = "<group>";
		};
		72D917C3219D18270008D90C /* ServicePage */ = {
			isa = PBXGroup;
			children = (
				72D917C4219D185E0008D90C /* ServiceItemCollectionViewController.swift */,
				72D917C8219D1AA90008D90C /* ItemDetailTableViewController.swift */,
				72D917CA219D26110008D90C /* ItemDetailTableViewCell.swift */,
				72D917C6219D188A0008D90C /* ServiceItemCollectionViewCell.swift */,
				7261595F219DA6E100EB43FB /* ServiceStatusTableViewController.swift */,
				72615961219DA77100EB43FB /* ServiceStatusTableViewCell.swift */,
			);
			path = ServicePage;
			sourceTree = "<group>";
		};
		78390537219C155E0059BC5B /* ProfilePage */ = {
			isa = PBXGroup;
			children = (
				720A2E4E21B6A79200EF44ED /* EditingTableViewController.swift */,
				720A2E4B21B6A79200EF44ED /* JoinTableViewController.swift */,
				720A2E4A21B6A79200EF44ED /* ProfileViewController.swift */,
				720A2E4C21B6A79200EF44ED /* WritingRatingViewController.swift */,
			);
			path = ProfilePage;
			sourceTree = "<group>";
		};
		78390538219C15910059BC5B /* HomePage */ = {
			isa = PBXGroup;
			children = (
				720A2E4821B6A77D00EF44ED /* AllRatingDetailViewController.swift */,
				7230157721B0F8F400FD89D7 /* AllRatingsTableViewCell.swift */,
				7230157621B0F8F400FD89D7 /* AllRatingsTableViewController.swift */,
				7230157821B0F8F400FD89D7 /* HomePageViewController.swift */,
			);
			path = HomePage;
			sourceTree = "<group>";
		};
		78390539219C15BF0059BC5B /* Helper */ = {
			isa = PBXGroup;
			children = (
				2B1EF1C121C2424E007A7D51 /* Helper.swift */,
				2B4EECC021B929160059EE3F /* Event.swift */,
				2B4EECC121B929160059EE3F /* Room.swift */,
				2B4EECBF21B929160059EE3F /* Communicator.swift */,
				78955BAC219EAF6A0092FD42 /* UIImage+Resize.swift */,
				726B7CD321BE6E4D002A7B10 /* SocketManager.swift */,
				788AE3A82193DD7C008B3C0F /* Alert.swift */,
				789B07D121A4438300B764C2 /* CornerRadius.swift */,
				78390531219BFC740059BC5B /* PrintHelper.swift */,
			);
			path = Helper;
			sourceTree = "<group>";
		};
		78AB949E216E28B700045C95 /* Model */ = {
			isa = PBXGroup;
			children = (
				2B21F4CD21B92FE700534049 /* RoomTypeModel */,
				78390539219C15BF0059BC5B /* Helper */,
				7857F5712192B2EE00641030 /* Common.swift */,
				78AB949C216E286C00045C95 /* Rating.swift */,
				72C35FB421AE753C006BD1A7 /* Socket.swift */,
				7828D15521C37FDD00B3E430 /* CheckInInfo.swift */,
				7230158A21B0FE7D00FD89D7 /* OrderRoomDetailForSocket.swift */,
				729527B121A3EE8200E9E839 /* OrderRoomDetail.swift */,
				72615963219DB3C000EB43FB /* Instant.swift */,
				78F088B021C2497C000CBE93 /* CheckInInfo.swift */,
				781DEB512198095A00AED03E /* Download.swift */,
				78AB94A0216E2A7900045C95 /* Customer.swift */,
			);
			path = Model;
			sourceTree = "<group>";
		};
		78AB949F216E28FD00045C95 /* Control */ = {
			isa = PBXGroup;
			children = (
				2B1EF1B821C239A6007A7D51 /* EventPage */,
				D110437021B93CB700C8ACC3 /* RoomTypePage */,
				2B21F4C221B92FB100534049 /* BookingPage */,
				72D917C3219D18270008D90C /* ServicePage */,
				78390538219C15910059BC5B /* HomePage */,
				78390537219C155E0059BC5B /* ProfilePage */,
				D149C7E7219D13AF00FDF92E /* RoomOrder */,
			);
			path = Control;
			sourceTree = "<group>";
		};
		BF0071D7DF6F5C2D74EC17FA /* Pods */ = {
			isa = PBXGroup;
			children = (
				9F2DEE62D08AECFEBE061A2D /* Pods-iOS-Customer.debug.xcconfig */,
				CE792F163EAE41DB92E4F2F7 /* Pods-iOS-Customer.release.xcconfig */,
			);
			name = Pods;
			sourceTree = "<group>";
		};
		D110437021B93CB700C8ACC3 /* RoomTypePage */ = {
			isa = PBXGroup;
			children = (
				D110437121B93CB700C8ACC3 /* RoomTableViewController.swift */,
				D110437221B93CB700C8ACC3 /* RoomDetailTableViewCell.swift */,
				D110437321B93CB700C8ACC3 /* RoomTableViewCell.swift */,
				D110437421B93CB700C8ACC3 /* RoomDetailViewController.swift */,
			);
			path = RoomTypePage;
			sourceTree = "<group>";
		};
		D12CAED7219D4BED0035446C /* View */ = {
			isa = PBXGroup;
			children = (
				2B21F4AE21B92B3F00534049 /* Booking.storyboard */,
				2B21F4AD21B92B3F00534049 /* CustomerRatings.storyboard */,
				2B21F4AF21B92B3F00534049 /* PersonalRatings.storyboard */,
				2B21F4B021B92B3F00534049 /* ProfileDetailInfoPage.storyboard */,
				7230158C21B1005000FD89D7 /* Main.storyboard */,
				2B4EECC521B9292F0059EE3F /* RoomType.storyboard */,
				D12CAED8219D4CC40035446C /* RoomOrder.storyboard */,
				720A2E5821B6A81200EF44ED /* AllCustomerRatings.storyboard */,
				2B1EF1BF21C23F7A007A7D51 /* Event.storyboard */,
			);
			path = View;
			sourceTree = "<group>";
		};
		D13405972166699300E72B67 = {
			isa = PBXGroup;
			children = (
				D13405A22166699300E72B67 /* iOS-Customer */,
				D13405A12166699300E72B67 /* Products */,
				BF0071D7DF6F5C2D74EC17FA /* Pods */,
				2B5C5DFC965823ECF3BBB8F7 /* Frameworks */,
				7230156921B0F7F900FD89D7 /* Recovered References */,
			);
			sourceTree = "<group>";
		};
		D13405A12166699300E72B67 /* Products */ = {
			isa = PBXGroup;
			children = (
				D13405A02166699300E72B67 /* iOS-Customer.app */,
			);
			name = Products;
			sourceTree = "<group>";
		};
		D13405A22166699300E72B67 /* iOS-Customer */ = {
			isa = PBXGroup;
			children = (
				D13405A32166699300E72B67 /* AppDelegate.swift */,
				726302A521AFEDE3006A8A1D /* iOS-Customer.entitlements */,
				72D917C1219D142A0008D90C /* Josh.storyboard */,
				D12CAED7219D4BED0035446C /* View */,
				78AB949F216E28FD00045C95 /* Control */,
				78AB949E216E28B700045C95 /* Model */,
				D13405AA2166699500E72B67 /* Assets.xcassets */,
				D13405AC2166699500E72B67 /* LaunchScreen.storyboard */,
				D13405AF2166699500E72B67 /* Info.plist */,
			);
			path = "iOS-Customer";
			sourceTree = "<group>";
		};
		D149C7E7219D13AF00FDF92E /* RoomOrder */ = {
			isa = PBXGroup;
			children = (
				D1918E2421941466002E065A /* RoomOrderTableViewController.swift */,
				D1918E2821951426002E065A /* RoomOrderDetailViewController.swift */,
			);
			path = RoomOrder;
			sourceTree = "<group>";
		};
/* End PBXGroup section */

/* Begin PBXNativeTarget section */
		D134059F2166699300E72B67 /* iOS-Customer */ = {
			isa = PBXNativeTarget;
			buildConfigurationList = D13405B22166699500E72B67 /* Build configuration list for PBXNativeTarget "iOS-Customer" */;
			buildPhases = (
				7E64CC40327906E6A0260EF2 /* [CP] Check Pods Manifest.lock */,
				D134059C2166699300E72B67 /* Sources */,
				D134059D2166699300E72B67 /* Frameworks */,
				D134059E2166699300E72B67 /* Resources */,
				F90BF8B68B74148456E2FA7D /* [CP] Embed Pods Frameworks */,
			);
			buildRules = (
			);
			dependencies = (
			);
			name = "iOS-Customer";
			productName = "iOS-Customer";
			productReference = D13405A02166699300E72B67 /* iOS-Customer.app */;
			productType = "com.apple.product-type.application";
		};
/* End PBXNativeTarget section */

/* Begin PBXProject section */
		D13405982166699300E72B67 /* Project object */ = {
			isa = PBXProject;
			attributes = {
				LastSwiftUpdateCheck = 1000;
				LastUpgradeCheck = 1010;
				ORGANIZATIONNAME = "Hsin Hwang";
				TargetAttributes = {
					D134059F2166699300E72B67 = {
						CreatedOnToolsVersion = 10.0;
						SystemCapabilities = {
							com.apple.BackgroundModes = {
								enabled = 1;
							};
							com.apple.Push = {
								enabled = 1;
							};
						};
					};
				};
			};
			buildConfigurationList = D134059B2166699300E72B67 /* Build configuration list for PBXProject "iOS-Customer" */;
			compatibilityVersion = "Xcode 9.3";
			developmentRegion = en;
			hasScannedForEncodings = 0;
			knownRegions = (
				en,
				Base,
			);
			mainGroup = D13405972166699300E72B67;
			productRefGroup = D13405A12166699300E72B67 /* Products */;
			projectDirPath = "";
			projectRoot = "";
			targets = (
				D134059F2166699300E72B67 /* iOS-Customer */,
			);
		};
/* End PBXProject section */

/* Begin PBXResourcesBuildPhase section */
		D134059E2166699300E72B67 /* Resources */ = {
			isa = PBXResourcesBuildPhase;
			buildActionMask = 2147483647;
			files = (
				D12CAED9219D4CC40035446C /* RoomOrder.storyboard in Resources */,
				720A2E5921B6A81200EF44ED /* AllCustomerRatings.storyboard in Resources */,
				2B4EECC621B9292F0059EE3F /* RoomType.storyboard in Resources */,
				2B21F4B121B92B3F00534049 /* CustomerRatings.storyboard in Resources */,
				7230158D21B1005000FD89D7 /* Main.storyboard in Resources */,
				2B1EF1C021C23F7A007A7D51 /* Event.storyboard in Resources */,
				2B21F4B321B92B3F00534049 /* PersonalRatings.storyboard in Resources */,
				2B21F4B221B92B3F00534049 /* Booking.storyboard in Resources */,
				D13405AE2166699500E72B67 /* LaunchScreen.storyboard in Resources */,
				D13405AB2166699500E72B67 /* Assets.xcassets in Resources */,
				2B21F4B421B92B3F00534049 /* ProfileDetailInfoPage.storyboard in Resources */,
				72D917C2219D142A0008D90C /* Josh.storyboard in Resources */,
			);
			runOnlyForDeploymentPostprocessing = 0;
		};
/* End PBXResourcesBuildPhase section */

/* Begin PBXShellScriptBuildPhase section */
		7E64CC40327906E6A0260EF2 /* [CP] Check Pods Manifest.lock */ = {
			isa = PBXShellScriptBuildPhase;
			buildActionMask = 2147483647;
			files = (
			);
			inputPaths = (
				"${PODS_PODFILE_DIR_PATH}/Podfile.lock",
				"${PODS_ROOT}/Manifest.lock",
			);
			name = "[CP] Check Pods Manifest.lock";
			outputPaths = (
				"$(DERIVED_FILE_DIR)/Pods-iOS-Customer-checkManifestLockResult.txt",
			);
			runOnlyForDeploymentPostprocessing = 0;
			shellPath = /bin/sh;
			shellScript = "diff \"${PODS_PODFILE_DIR_PATH}/Podfile.lock\" \"${PODS_ROOT}/Manifest.lock\" > /dev/null\nif [ $? != 0 ] ; then\n    # print error to STDERR\n    echo \"error: The sandbox is not in sync with the Podfile.lock. Run 'pod install' or update your CocoaPods installation.\" >&2\n    exit 1\nfi\n# This output is used by Xcode 'outputs' to avoid re-running this script phase.\necho \"SUCCESS\" > \"${SCRIPT_OUTPUT_FILE_0}\"\n";
			showEnvVarsInLog = 0;
		};
		F90BF8B68B74148456E2FA7D /* [CP] Embed Pods Frameworks */ = {
			isa = PBXShellScriptBuildPhase;
			buildActionMask = 2147483647;
			files = (
			);
			inputPaths = (
				"${SRCROOT}/Pods/Target Support Files/Pods-iOS-Customer/Pods-iOS-Customer-frameworks.sh",
				"${BUILT_PRODUCTS_DIR}/Alamofire/Alamofire.framework",
				"${BUILT_PRODUCTS_DIR}/Cosmos/Cosmos.framework",
				"${BUILT_PRODUCTS_DIR}/PromiseKit/PromiseKit.framework",
				"${BUILT_PRODUCTS_DIR}/Starscream/Starscream.framework",
			);
			name = "[CP] Embed Pods Frameworks";
			outputPaths = (
				"${TARGET_BUILD_DIR}/${FRAMEWORKS_FOLDER_PATH}/Alamofire.framework",
				"${TARGET_BUILD_DIR}/${FRAMEWORKS_FOLDER_PATH}/Cosmos.framework",
				"${TARGET_BUILD_DIR}/${FRAMEWORKS_FOLDER_PATH}/PromiseKit.framework",
				"${TARGET_BUILD_DIR}/${FRAMEWORKS_FOLDER_PATH}/Starscream.framework",
			);
			runOnlyForDeploymentPostprocessing = 0;
			shellPath = /bin/sh;
			shellScript = "\"${SRCROOT}/Pods/Target Support Files/Pods-iOS-Customer/Pods-iOS-Customer-frameworks.sh\"\n";
			showEnvVarsInLog = 0;
		};
/* End PBXShellScriptBuildPhase section */

/* Begin PBXSourcesBuildPhase section */
		D134059C2166699300E72B67 /* Sources */ = {
			isa = PBXSourcesBuildPhase;
			buildActionMask = 2147483647;
			files = (
				72615964219DB3C000EB43FB /* Instant.swift in Sources */,
				788AE3A92193DD7C008B3C0F /* Alert.swift in Sources */,
				7230157B21B0F8F400FD89D7 /* HomePageViewController.swift in Sources */,
				78390532219BFC740059BC5B /* PrintHelper.swift in Sources */,
				2B1EF1C421C247A8007A7D51 /* EventUIImage+Resize.swift in Sources */,
				7857F5722192B2EE00641030 /* Common.swift in Sources */,
				2B4EECC421B929160059EE3F /* Room.swift in Sources */,
				720A2E5121B6A79200EF44ED /* ProfileViewController.swift in Sources */,
				2B1EF1C221C2424E007A7D51 /* Helper.swift in Sources */,
				720A2E5321B6A79200EF44ED /* WritingRatingViewController.swift in Sources */,
				789B07D221A4438300B764C2 /* CornerRadius.swift in Sources */,
				72D9820B21C77C65000E215B /* Customer.swift in Sources */,
				2B21F4CA21B92FB100534049 /* BookingChooseRoomCollectionViewController.swift in Sources */,
				720A2E5521B6A79200EF44ED /* EditingTableViewController.swift in Sources */,
				78F088B121C2497C000CBE93 /* CheckInInfo.swift in Sources */,
				D110437721B93CB700C8ACC3 /* RoomTableViewCell.swift in Sources */,
				78955BAD219EAF6A0092FD42 /* UIImage+Resize.swift in Sources */,
				D110437521B93CB700C8ACC3 /* RoomTableViewController.swift in Sources */,
				72D9820A21C77C65000E215B /* RoomOrderTableViewController.swift in Sources */,
				D110437621B93CB700C8ACC3 /* RoomDetailTableViewCell.swift in Sources */,
				72D917C7219D188A0008D90C /* ServiceItemCollectionViewCell.swift in Sources */,
				7230157A21B0F8F400FD89D7 /* AllRatingsTableViewCell.swift in Sources */,
				72D917C9219D1AA90008D90C /* ItemDetailTableViewController.swift in Sources */,
				72615962219DA77100EB43FB /* ServiceStatusTableViewCell.swift in Sources */,
				D110437821B93CB700C8ACC3 /* RoomDetailViewController.swift in Sources */,
				72615960219DA6E100EB43FB /* ServiceStatusTableViewController.swift in Sources */,
				720A2E4921B6A77D00EF44ED /* AllRatingDetailViewController.swift in Sources */,
				2B21F4C821B92FB100534049 /* BookingCheckTableViewController.swift in Sources */,
				7230157921B0F8F400FD89D7 /* AllRatingsTableViewController.swift in Sources */,
				2B1EF1C621C24841007A7D51 /* AlertController+Image.swift in Sources */,
				2B4EECC321B929160059EE3F /* Event.swift in Sources */,
				726B7CD421BE6E4D002A7B10 /* SocketManager.swift in Sources */,
				2B4EECC221B929160059EE3F /* Communicator.swift in Sources */,
				2B21F4C921B92FB100534049 /* BookingChooseCollectionViewCell.swift in Sources */,
				72D917C5219D185E0008D90C /* ServiceItemCollectionViewController.swift in Sources */,
				72C35FB521AE753C006BD1A7 /* Socket.swift in Sources */,
				2B1EF1BA21C239E0007A7D51 /* EventTableViewController.swift in Sources */,
				D13405A42166699300E72B67 /* AppDelegate.swift in Sources */,
				729527B221A3EE8200E9E839 /* OrderRoomDetail.swift in Sources */,
				2B21F4D021B92FE700534049 /* RoomType.swift in Sources */,
				2B1EF1BC21C23A84007A7D51 /* EventTableViewCell.swift in Sources */,
				720A2E5221B6A79200EF44ED /* JoinTableViewController.swift in Sources */,
				D1918E2921951426002E065A /* RoomOrderDetailViewController.swift in Sources */,
				7230158B21B0FE7D00FD89D7 /* OrderRoomDetailForSocket.swift in Sources */,
				2B21F4CB21B92FB100534049 /* BookingTableViewController.swift in Sources */,
				78AB949D216E286C00045C95 /* Rating.swift in Sources */,
				72D917CB219D26110008D90C /* ItemDetailTableViewCell.swift in Sources */,
				2B21F4D121B92FE700534049 /* RoomTypeCommunication.swift in Sources */,
				2B21F4CC21B92FB100534049 /* BookingCheckTableViewCell.swift in Sources */,
				781DEB522198095A00AED03E /* Download.swift in Sources */,
			);
			runOnlyForDeploymentPostprocessing = 0;
		};
/* End PBXSourcesBuildPhase section */

/* Begin PBXVariantGroup section */
		D13405AC2166699500E72B67 /* LaunchScreen.storyboard */ = {
			isa = PBXVariantGroup;
			children = (
				D13405AD2166699500E72B67 /* Base */,
			);
			name = LaunchScreen.storyboard;
			sourceTree = "<group>";
		};
/* End PBXVariantGroup section */

/* Begin XCBuildConfiguration section */
		D13405B02166699500E72B67 /* Debug */ = {
			isa = XCBuildConfiguration;
			buildSettings = {
				ALWAYS_SEARCH_USER_PATHS = NO;
				CLANG_ANALYZER_NONNULL = YES;
				CLANG_ANALYZER_NUMBER_OBJECT_CONVERSION = YES_AGGRESSIVE;
				CLANG_CXX_LANGUAGE_STANDARD = "gnu++14";
				CLANG_CXX_LIBRARY = "libc++";
				CLANG_ENABLE_MODULES = YES;
				CLANG_ENABLE_OBJC_ARC = YES;
				CLANG_ENABLE_OBJC_WEAK = YES;
				CLANG_WARN_BLOCK_CAPTURE_AUTORELEASING = YES;
				CLANG_WARN_BOOL_CONVERSION = YES;
				CLANG_WARN_COMMA = YES;
				CLANG_WARN_CONSTANT_CONVERSION = YES;
				CLANG_WARN_DEPRECATED_OBJC_IMPLEMENTATIONS = YES;
				CLANG_WARN_DIRECT_OBJC_ISA_USAGE = YES_ERROR;
				CLANG_WARN_DOCUMENTATION_COMMENTS = YES;
				CLANG_WARN_EMPTY_BODY = YES;
				CLANG_WARN_ENUM_CONVERSION = YES;
				CLANG_WARN_INFINITE_RECURSION = YES;
				CLANG_WARN_INT_CONVERSION = YES;
				CLANG_WARN_NON_LITERAL_NULL_CONVERSION = YES;
				CLANG_WARN_OBJC_IMPLICIT_RETAIN_SELF = YES;
				CLANG_WARN_OBJC_LITERAL_CONVERSION = YES;
				CLANG_WARN_OBJC_ROOT_CLASS = YES_ERROR;
				CLANG_WARN_RANGE_LOOP_ANALYSIS = YES;
				CLANG_WARN_STRICT_PROTOTYPES = YES;
				CLANG_WARN_SUSPICIOUS_MOVE = YES;
				CLANG_WARN_UNGUARDED_AVAILABILITY = YES_AGGRESSIVE;
				CLANG_WARN_UNREACHABLE_CODE = YES;
				CLANG_WARN__DUPLICATE_METHOD_MATCH = YES;
				CODE_SIGN_IDENTITY = "iPhone Developer";
				COPY_PHASE_STRIP = NO;
				DEBUG_INFORMATION_FORMAT = dwarf;
				ENABLE_STRICT_OBJC_MSGSEND = YES;
				ENABLE_TESTABILITY = YES;
				GCC_C_LANGUAGE_STANDARD = gnu11;
				GCC_DYNAMIC_NO_PIC = NO;
				GCC_NO_COMMON_BLOCKS = YES;
				GCC_OPTIMIZATION_LEVEL = 0;
				GCC_PREPROCESSOR_DEFINITIONS = (
					"DEBUG=1",
					"$(inherited)",
				);
				GCC_WARN_64_TO_32_BIT_CONVERSION = YES;
				GCC_WARN_ABOUT_RETURN_TYPE = YES_ERROR;
				GCC_WARN_UNDECLARED_SELECTOR = YES;
				GCC_WARN_UNINITIALIZED_AUTOS = YES_AGGRESSIVE;
				GCC_WARN_UNUSED_FUNCTION = YES;
				GCC_WARN_UNUSED_VARIABLE = YES;
				IPHONEOS_DEPLOYMENT_TARGET = 12.0;
				MTL_ENABLE_DEBUG_INFO = INCLUDE_SOURCE;
				MTL_FAST_MATH = YES;
				ONLY_ACTIVE_ARCH = YES;
				SDKROOT = iphoneos;
				SWIFT_ACTIVE_COMPILATION_CONDITIONS = DEBUG;
				SWIFT_OPTIMIZATION_LEVEL = "-Onone";
			};
			name = Debug;
		};
		D13405B12166699500E72B67 /* Release */ = {
			isa = XCBuildConfiguration;
			buildSettings = {
				ALWAYS_SEARCH_USER_PATHS = NO;
				CLANG_ANALYZER_NONNULL = YES;
				CLANG_ANALYZER_NUMBER_OBJECT_CONVERSION = YES_AGGRESSIVE;
				CLANG_CXX_LANGUAGE_STANDARD = "gnu++14";
				CLANG_CXX_LIBRARY = "libc++";
				CLANG_ENABLE_MODULES = YES;
				CLANG_ENABLE_OBJC_ARC = YES;
				CLANG_ENABLE_OBJC_WEAK = YES;
				CLANG_WARN_BLOCK_CAPTURE_AUTORELEASING = YES;
				CLANG_WARN_BOOL_CONVERSION = YES;
				CLANG_WARN_COMMA = YES;
				CLANG_WARN_CONSTANT_CONVERSION = YES;
				CLANG_WARN_DEPRECATED_OBJC_IMPLEMENTATIONS = YES;
				CLANG_WARN_DIRECT_OBJC_ISA_USAGE = YES_ERROR;
				CLANG_WARN_DOCUMENTATION_COMMENTS = YES;
				CLANG_WARN_EMPTY_BODY = YES;
				CLANG_WARN_ENUM_CONVERSION = YES;
				CLANG_WARN_INFINITE_RECURSION = YES;
				CLANG_WARN_INT_CONVERSION = YES;
				CLANG_WARN_NON_LITERAL_NULL_CONVERSION = YES;
				CLANG_WARN_OBJC_IMPLICIT_RETAIN_SELF = YES;
				CLANG_WARN_OBJC_LITERAL_CONVERSION = YES;
				CLANG_WARN_OBJC_ROOT_CLASS = YES_ERROR;
				CLANG_WARN_RANGE_LOOP_ANALYSIS = YES;
				CLANG_WARN_STRICT_PROTOTYPES = YES;
				CLANG_WARN_SUSPICIOUS_MOVE = YES;
				CLANG_WARN_UNGUARDED_AVAILABILITY = YES_AGGRESSIVE;
				CLANG_WARN_UNREACHABLE_CODE = YES;
				CLANG_WARN__DUPLICATE_METHOD_MATCH = YES;
				CODE_SIGN_IDENTITY = "iPhone Developer";
				COPY_PHASE_STRIP = NO;
				DEBUG_INFORMATION_FORMAT = "dwarf-with-dsym";
				ENABLE_NS_ASSERTIONS = NO;
				ENABLE_STRICT_OBJC_MSGSEND = YES;
				GCC_C_LANGUAGE_STANDARD = gnu11;
				GCC_NO_COMMON_BLOCKS = YES;
				GCC_WARN_64_TO_32_BIT_CONVERSION = YES;
				GCC_WARN_ABOUT_RETURN_TYPE = YES_ERROR;
				GCC_WARN_UNDECLARED_SELECTOR = YES;
				GCC_WARN_UNINITIALIZED_AUTOS = YES_AGGRESSIVE;
				GCC_WARN_UNUSED_FUNCTION = YES;
				GCC_WARN_UNUSED_VARIABLE = YES;
				IPHONEOS_DEPLOYMENT_TARGET = 12.0;
				MTL_ENABLE_DEBUG_INFO = NO;
				MTL_FAST_MATH = YES;
				SDKROOT = iphoneos;
				SWIFT_COMPILATION_MODE = wholemodule;
				SWIFT_OPTIMIZATION_LEVEL = "-O";
				VALIDATE_PRODUCT = YES;
			};
			name = Release;
		};
		D13405B32166699500E72B67 /* Debug */ = {
			isa = XCBuildConfiguration;
			baseConfigurationReference = 9F2DEE62D08AECFEBE061A2D /* Pods-iOS-Customer.debug.xcconfig */;
			buildSettings = {
				ASSETCATALOG_COMPILER_APPICON_NAME = AppIcon;
				CODE_SIGN_ENTITLEMENTS = "iOS-Customer/iOS-Customer.entitlements";
				CODE_SIGN_IDENTITY = "iPhone Developer";
				CODE_SIGN_STYLE = Automatic;
				DEVELOPMENT_TEAM = DW35N2WN73;
				INFOPLIST_FILE = "iOS-Customer/Info.plist";
				LD_RUNPATH_SEARCH_PATHS = (
					"$(inherited)",
					"@executable_path/Frameworks",
				);
				PRODUCT_BUNDLE_IDENTIFIER = "josh.hsieh.iOS-Customer";
				PRODUCT_NAME = "$(TARGET_NAME)";
				SWIFT_VERSION = 4.2;
				TARGETED_DEVICE_FAMILY = "1,2";
			};
			name = Debug;
		};
		D13405B42166699500E72B67 /* Release */ = {
			isa = XCBuildConfiguration;
			baseConfigurationReference = CE792F163EAE41DB92E4F2F7 /* Pods-iOS-Customer.release.xcconfig */;
			buildSettings = {
				ASSETCATALOG_COMPILER_APPICON_NAME = AppIcon;
				CODE_SIGN_ENTITLEMENTS = "iOS-Customer/iOS-Customer.entitlements";
				CODE_SIGN_STYLE = Automatic;
				DEVELOPMENT_TEAM = DW35N2WN73;
				INFOPLIST_FILE = "iOS-Customer/Info.plist";
				LD_RUNPATH_SEARCH_PATHS = (
					"$(inherited)",
					"@executable_path/Frameworks",
				);
				PRODUCT_BUNDLE_IDENTIFIER = "josh.hsieh.iOS-Customer";
				PRODUCT_NAME = "$(TARGET_NAME)";
				SWIFT_VERSION = 4.2;
				TARGETED_DEVICE_FAMILY = "1,2";
			};
			name = Release;
		};
/* End XCBuildConfiguration section */

/* Begin XCConfigurationList section */
		D134059B2166699300E72B67 /* Build configuration list for PBXProject "iOS-Customer" */ = {
			isa = XCConfigurationList;
			buildConfigurations = (
				D13405B02166699500E72B67 /* Debug */,
				D13405B12166699500E72B67 /* Release */,
			);
			defaultConfigurationIsVisible = 0;
			defaultConfigurationName = Release;
		};
		D13405B22166699500E72B67 /* Build configuration list for PBXNativeTarget "iOS-Customer" */ = {
			isa = XCConfigurationList;
			buildConfigurations = (
				D13405B32166699500E72B67 /* Debug */,
				D13405B42166699500E72B67 /* Release */,
			);
			defaultConfigurationIsVisible = 0;
			defaultConfigurationName = Release;
		};
/* End XCConfigurationList section */
	};
	rootObject = D13405982166699300E72B67 /* Project object */;
}
